
Microsoft Visual Studio Solution File, Format Version 12.00
# Visual Studio 15
VisualStudioVersion = 15.0.28307.271
MinimumVisualStudioVersion = 10.0.40219.1
Project("{9A19103F-16F7-4668-BE54-9A1E7A4F7556}") = "CustomerInquiryWebApi", "CustomerInquiryWebApi\CustomerInquiryWebApi.csproj", "{95FF5B34-1ED7-4F4B-89D3-A68E27DF84E6}"
EndProject
Project("{9A19103F-16F7-4668-BE54-9A1E7A4F7556}") = "Repositories", "Repositories\Repositories.csproj", "{20EADFCF-8113-4941-9B5A-C72C7F7030CA}"
EndProject
Project("{9A19103F-16F7-4668-BE54-9A1E7A4F7556}") = "Models", "Models\Models.csproj", "{244E3654-8314-4D82-B8D1-9A767F9E51B6}"
EndProject
Project("{9A19103F-16F7-4668-BE54-9A1E7A4F7556}") = "Repositories.EntityFramework", "Repositories.EntityFramework\Repositories.EntityFramework.csproj", "{63981BA0-3B00-4EA1-8640-8F3B9F045BF1}"
EndProject
Project("{FAE04EC0-301F-11D3-BF4B-00C04F79EFBC}") = "CustomExceptions", "CustomExceptions\CustomExceptions.csproj", "{25EA5AFC-DB4A-4897-8DEA-F7A028DC90D0}"
EndProject
Project("{9A19103F-16F7-4668-BE54-9A1E7A4F7556}") = "CustomerInquiryWebApiTests", "CustomerInquiryWebApiTests\CustomerInquiryWebApiTests.csproj", "{C47607EA-6602-4AEF-AA1F-48F87B95FBDB}"
EndProject
Global
	GlobalSection(SolutionConfigurationPlatforms) = preSolution
		Debug|Any CPU = Debug|Any CPU
		Release|Any CPU = Release|Any CPU
	EndGlobalSection
	GlobalSection(ProjectConfigurationPlatforms) = postSolution
		{95FF5B34-1ED7-4F4B-89D3-A68E27DF84E6}.Debug|Any CPU.ActiveCfg = Debug|Any CPU
		{95FF5B34-1ED7-4F4B-89D3-A68E27DF84E6}.Debug|Any CPU.Build.0 = Debug|Any CPU
		{95FF5B34-1ED7-4F4B-89D3-A68E27DF84E6}.Release|Any CPU.ActiveCfg = Release|Any CPU
		{95FF5B34-1ED7-4F4B-89D3-A68E27DF84E6}.Release|Any CPU.Build.0 = Release|Any CPU
		{20EADFCF-8113-4941-9B5A-C72C7F7030CA}.Debug|Any CPU.ActiveCfg = Debug|Any CPU
		{20EADFCF-8113-4941-9B5A-C72C7F7030CA}.Debug|Any CPU.Build.0 = Debug|Any CPU
		{20EADFCF-8113-4941-9B5A-C72C7F7030CA}.Release|Any CPU.ActiveCfg = Release|Any CPU
		{20EADFCF-8113-4941-9B5A-C72C7F7030CA}.Release|Any CPU.Build.0 = Release|Any CPU
		{244E3654-8314-4D82-B8D1-9A767F9E51B6}.Debug|Any CPU.ActiveCfg = Debug|Any CPU
		{244E3654-8314-4D82-B8D1-9A767F9E51B6}.Debug|Any CPU.Build.0 = Debug|Any CPU
		{244E3654-8314-4D82-B8D1-9A767F9E51B6}.Release|Any CPU.ActiveCfg = Release|Any CPU
		{244E3654-8314-4D82-B8D1-9A767F9E51B6}.Release|Any CPU.Build.0 = Release|Any CPU
		{63981BA0-3B00-4EA1-8640-8F3B9F045BF1}.Debug|Any CPU.ActiveCfg = Debug|Any CPU
		{63981BA0-3B00-4EA1-8640-8F3B9F045BF1}.Debug|Any CPU.Build.0 = Debug|Any CPU
		{63981BA0-3B00-4EA1-8640-8F3B9F045BF1}.Release|Any CPU.ActiveCfg = Release|Any CPU
		{63981BA0-3B00-4EA1-8640-8F3B9F045BF1}.Release|Any CPU.Build.0 = Release|Any CPU
		{25EA5AFC-DB4A-4897-8DEA-F7A028DC90D0}.Debug|Any CPU.ActiveCfg = Debug|Any CPU
		{25EA5AFC-DB4A-4897-8DEA-F7A028DC90D0}.Debug|Any CPU.Build.0 = Debug|Any CPU
		{25EA5AFC-DB4A-4897-8DEA-F7A028DC90D0}.Release|Any CPU.ActiveCfg = Release|Any CPU
		{25EA5AFC-DB4A-4897-8DEA-F7A028DC90D0}.Release|Any CPU.Build.0 = Release|Any CPU
		{C47607EA-6602-4AEF-AA1F-48F87B95FBDB}.Debug|Any CPU.ActiveCfg = Debug|Any CPU
		{C47607EA-6602-4AEF-AA1F-48F87B95FBDB}.Debug|Any CPU.Build.0 = Debug|Any CPU
		{C47607EA-6602-4AEF-AA1F-48F87B95FBDB}.Release|Any CPU.ActiveCfg = Release|Any CPU
		{C47607EA-6602-4AEF-AA1F-48F87B95FBDB}.Release|Any CPU.Build.0 = Release|Any CPU
	EndGlobalSection
	GlobalSection(SolutionProperties) = preSolution
		HideSolutionNode = FALSE
	EndGlobalSection
	GlobalSection(ExtensibilityGlobals) = postSolution
		SolutionGuid = {00944C4C-F941-4BC9-B814-1F6BC48DC1DF}
	EndGlobalSection
EndGlobal
